// !$*UTF8*$!
{
	archiveVersion = 1;
	classes = {
	};
	objectVersion = 46;
	objects = {

/* Begin PBXBuildFile section */
		FC041FAD16ED6743001AE293 /* SpinningWindow.xib in Resources */ = {isa = PBXBuildFile; fileRef = FC041FAF16ED6743001AE293 /* SpinningWindow.xib */; };
		FC041FB316ED974C001AE293 /* Localizable.strings in Resources */ = {isa = PBXBuildFile; fileRef = FC041FB516ED974C001AE293 /* Localizable.strings */; };
		FC041FBB16EDA3C7001AE293 /* status.png in Resources */ = {isa = PBXBuildFile; fileRef = FC041FBA16EDA3C7001AE293 /* status.png */; };
		FC041FBD16EDA4F2001AE293 /* statusAlternate.png in Resources */ = {isa = PBXBuildFile; fileRef = FC041FBC16EDA4F2001AE293 /* statusAlternate.png */; };
		FC041FBF16EDD6D5001AE293 /* statusOffline.png in Resources */ = {isa = PBXBuildFile; fileRef = FC041FBE16EDD6D4001AE293 /* statusOffline.png */; };
		FC041FCC16EDE8FF001AE293 /* NotificationWindow.m in Sources */ = {isa = PBXBuildFile; fileRef = FC041FCA16EDE8FE001AE293 /* NotificationWindow.m */; };
		FC041FCD16EDE8FF001AE293 /* NotificationWindow.xib in Resources */ = {isa = PBXBuildFile; fileRef = FC041FCB16EDE8FF001AE293 /* NotificationWindow.xib */; };
		FC1DE54416DCD03D008CE989 /* Cocoa.framework in Frameworks */ = {isa = PBXBuildFile; fileRef = FC1DE54316DCD03D008CE989 /* Cocoa.framework */; };
		FC1DE54E16DCD03D008CE989 /* InfoPlist.strings in Resources */ = {isa = PBXBuildFile; fileRef = FC1DE54C16DCD03D008CE989 /* InfoPlist.strings */; };
		FC1DE55016DCD03D008CE989 /* main.m in Sources */ = {isa = PBXBuildFile; fileRef = FC1DE54F16DCD03D008CE989 /* main.m */; };
		FC1DE55416DCD03D008CE989 /* Credits.rtf in Resources */ = {isa = PBXBuildFile; fileRef = FC1DE55216DCD03D008CE989 /* Credits.rtf */; };
		FC1DE55716DCD03D008CE989 /* AppDelegate.m in Sources */ = {isa = PBXBuildFile; fileRef = FC1DE55616DCD03D008CE989 /* AppDelegate.m */; };
		FC1DE55A16DCD03D008CE989 /* MainMenu.xib in Resources */ = {isa = PBXBuildFile; fileRef = FC1DE55816DCD03D008CE989 /* MainMenu.xib */; };
		FCAF7A7516E75229006EDA2D /* MainWindow.xib in Resources */ = {isa = PBXBuildFile; fileRef = FCAF7A7716E75229006EDA2D /* MainWindow.xib */; };
		FCAF7A7916E75239006EDA2D /* PreferencesWindow.xib in Resources */ = {isa = PBXBuildFile; fileRef = FCAF7A7B16E75239006EDA2D /* PreferencesWindow.xib */; };
		FCAF7A7F16E75D34006EDA2D /* GCDAsyncUdpSocket.m in Sources */ = {isa = PBXBuildFile; fileRef = FCAF7A7D16E75D34006EDA2D /* GCDAsyncUdpSocket.m */; };
		FCAF7A8B16E767E6006EDA2D /* AmtiumPacket.m in Sources */ = {isa = PBXBuildFile; fileRef = FCAF7A8A16E767E6006EDA2D /* AmtiumPacket.m */; };
		FCAF7A8E16E77128006EDA2D /* AmtiumConstants.m in Sources */ = {isa = PBXBuildFile; fileRef = FCAF7A8D16E77128006EDA2D /* AmtiumConstants.m */; };
		FCBD31F316E4E200002B1ED1 /* MainWindow.m in Sources */ = {isa = PBXBuildFile; fileRef = FCBD31F116E4E1FF002B1ED1 /* MainWindow.m */; };
		FCBD31F816E4E224002B1ED1 /* PreferencesWindow.m in Sources */ = {isa = PBXBuildFile; fileRef = FCBD31F616E4E224002B1ED1 /* PreferencesWindow.m */; };
		FCBD320916E5BAD4002B1ED1 /* Amtium.m in Sources */ = {isa = PBXBuildFile; fileRef = FCBD320816E5BAD4002B1ED1 /* Amtium.m */; };
		FCBD321B16E6115E002B1ED1 /* NetworkInterface.m in Sources */ = {isa = PBXBuildFile; fileRef = FCBD321A16E6115E002B1ED1 /* NetworkInterface.m */; };
		FCBD322116E6209E002B1ED1 /* SystemConfiguration.framework in Frameworks */ = {isa = PBXBuildFile; fileRef = FCBD322016E6209D002B1ED1 /* SystemConfiguration.framework */; };
		FCC3BB8116F0630B001ECB2E /* Security.framework in Frameworks */ = {isa = PBXBuildFile; fileRef = FCC3BB8016F0630B001ECB2E /* Security.framework */; };
		FCC3BB8616F064B5001ECB2E /* SSKeychain.m in Sources */ = {isa = PBXBuildFile; fileRef = FCC3BB8516F064B5001ECB2E /* SSKeychain.m */; };
		FCCA8F6216F08EBD00BE16FA /* StatisticsAndUpdate.m in Sources */ = {isa = PBXBuildFile; fileRef = FCCA8F6116F08EBD00BE16FA /* StatisticsAndUpdate.m */; };
		FCCA8F6716F098A100BE16FA /* UpdateWindow.m in Sources */ = {isa = PBXBuildFile; fileRef = FCCA8F6516F098A000BE16FA /* UpdateWindow.m */; };
		FCCA8F6916F09D8400BE16FA /* UpdateWindow.xib in Resources */ = {isa = PBXBuildFile; fileRef = FCCA8F6B16F09D8400BE16FA /* UpdateWindow.xib */; };
		FCCA9C7416E77F350069C9E1 /* AmtiumEncoder.m in Sources */ = {isa = PBXBuildFile; fileRef = FCCA9C7316E77F350069C9E1 /* AmtiumEncoder.m */; };
		FCCA9C7816E790370069C9E1 /* AmtiumCrypto.m in Sources */ = {isa = PBXBuildFile; fileRef = FCCA9C7716E790370069C9E1 /* AmtiumCrypto.m */; };
		FCCA9C8116E9A0B70069C9E1 /* SpinningWindow.m in Sources */ = {isa = PBXBuildFile; fileRef = FCCA9C7F16E9A0B60069C9E1 /* SpinningWindow.m */; };
		FCCA9C8616EA4D030069C9E1 /* APMutableParams.m in Sources */ = {isa = PBXBuildFile; fileRef = FCCA9C8516EA4D020069C9E1 /* APMutableParams.m */; };
		FCCA9C8816EC1E490069C9E1 /* Swiftz.png in Resources */ = {isa = PBXBuildFile; fileRef = FCCA9C8716EC1E490069C9E1 /* Swiftz.png */; };
/* End PBXBuildFile section */

/* Begin PBXFileReference section */
		FC041FAE16ED6743001AE293 /* en */ = {isa = PBXFileReference; lastKnownFileType = file.xib; name = en; path = en.lproj/SpinningWindow.xib; sourceTree = "<group>"; };
		FC041FB416ED974C001AE293 /* en */ = {isa = PBXFileReference; lastKnownFileType = text.plist.strings; name = en; path = en.lproj/Localizable.strings; sourceTree = "<group>"; };
		FC041FB616ED9E7A001AE293 /* zh-Hans */ = {isa = PBXFileReference; lastKnownFileType = file.xib; name = "zh-Hans"; path = "zh-Hans.lproj/MainWindow.xib"; sourceTree = "<group>"; };
		FC041FB716ED9E7A001AE293 /* zh-Hans */ = {isa = PBXFileReference; lastKnownFileType = text.plist.strings; name = "zh-Hans"; path = "zh-Hans.lproj/Localizable.strings"; sourceTree = "<group>"; };
		FC041FB816ED9F21001AE293 /* zh-Hans */ = {isa = PBXFileReference; lastKnownFileType = file.xib; name = "zh-Hans"; path = "zh-Hans.lproj/MainMenu.xib"; sourceTree = "<group>"; };
		FC041FB916ED9FDD001AE293 /* zh-Hans */ = {isa = PBXFileReference; lastKnownFileType = file.xib; name = "zh-Hans"; path = "zh-Hans.lproj/SpinningWindow.xib"; sourceTree = "<group>"; };
		FC041FBA16EDA3C7001AE293 /* status.png */ = {isa = PBXFileReference; lastKnownFileType = image.png; path = status.png; sourceTree = "<group>"; };
		FC041FBC16EDA4F2001AE293 /* statusAlternate.png */ = {isa = PBXFileReference; lastKnownFileType = image.png; path = statusAlternate.png; sourceTree = "<group>"; };
		FC041FBE16EDD6D4001AE293 /* statusOffline.png */ = {isa = PBXFileReference; lastKnownFileType = image.png; path = statusOffline.png; sourceTree = "<group>"; };
		FC041FC916EDE8FE001AE293 /* NotificationWindow.h */ = {isa = PBXFileReference; fileEncoding = 4; lastKnownFileType = sourcecode.c.h; path = NotificationWindow.h; sourceTree = "<group>"; };
		FC041FCA16EDE8FE001AE293 /* NotificationWindow.m */ = {isa = PBXFileReference; fileEncoding = 4; lastKnownFileType = sourcecode.c.objc; path = NotificationWindow.m; sourceTree = "<group>"; };
		FC041FCB16EDE8FF001AE293 /* NotificationWindow.xib */ = {isa = PBXFileReference; fileEncoding = 4; lastKnownFileType = file.xib; path = NotificationWindow.xib; sourceTree = "<group>"; };
		FC1DE53F16DCD03D008CE989 /* SwiftzMac.app */ = {isa = PBXFileReference; explicitFileType = wrapper.application; includeInIndex = 0; path = SwiftzMac.app; sourceTree = BUILT_PRODUCTS_DIR; };
		FC1DE54316DCD03D008CE989 /* Cocoa.framework */ = {isa = PBXFileReference; lastKnownFileType = wrapper.framework; name = Cocoa.framework; path = System/Library/Frameworks/Cocoa.framework; sourceTree = SDKROOT; };
		FC1DE54616DCD03D008CE989 /* AppKit.framework */ = {isa = PBXFileReference; lastKnownFileType = wrapper.framework; name = AppKit.framework; path = System/Library/Frameworks/AppKit.framework; sourceTree = SDKROOT; };
		FC1DE54716DCD03D008CE989 /* CoreData.framework */ = {isa = PBXFileReference; lastKnownFileType = wrapper.framework; name = CoreData.framework; path = System/Library/Frameworks/CoreData.framework; sourceTree = SDKROOT; };
		FC1DE54816DCD03D008CE989 /* Foundation.framework */ = {isa = PBXFileReference; lastKnownFileType = wrapper.framework; name = Foundation.framework; path = System/Library/Frameworks/Foundation.framework; sourceTree = SDKROOT; };
		FC1DE54B16DCD03D008CE989 /* SwiftzMac-Info.plist */ = {isa = PBXFileReference; lastKnownFileType = text.plist.xml; path = "SwiftzMac-Info.plist"; sourceTree = "<group>"; };
		FC1DE54D16DCD03D008CE989 /* en */ = {isa = PBXFileReference; lastKnownFileType = text.plist.strings; name = en; path = en.lproj/InfoPlist.strings; sourceTree = "<group>"; };
		FC1DE54F16DCD03D008CE989 /* main.m */ = {isa = PBXFileReference; lastKnownFileType = sourcecode.c.objc; path = main.m; sourceTree = "<group>"; };
		FC1DE55116DCD03D008CE989 /* SwiftzMac-Prefix.pch */ = {isa = PBXFileReference; lastKnownFileType = sourcecode.c.h; path = "SwiftzMac-Prefix.pch"; sourceTree = "<group>"; };
		FC1DE55316DCD03D008CE989 /* en */ = {isa = PBXFileReference; lastKnownFileType = text.rtf; name = en; path = en.lproj/Credits.rtf; sourceTree = "<group>"; };
		FC1DE55516DCD03D008CE989 /* AppDelegate.h */ = {isa = PBXFileReference; lastKnownFileType = sourcecode.c.h; path = AppDelegate.h; sourceTree = "<group>"; };
		FC1DE55616DCD03D008CE989 /* AppDelegate.m */ = {isa = PBXFileReference; lastKnownFileType = sourcecode.c.objc; path = AppDelegate.m; sourceTree = "<group>"; };
		FCAF7A7616E75229006EDA2D /* en */ = {isa = PBXFileReference; lastKnownFileType = file.xib; name = en; path = en.lproj/MainWindow.xib; sourceTree = "<group>"; };
		FCAF7A7A16E75239006EDA2D /* en */ = {isa = PBXFileReference; lastKnownFileType = file.xib; name = en; path = en.lproj/PreferencesWindow.xib; sourceTree = "<group>"; };
		FCAF7A7D16E75D34006EDA2D /* GCDAsyncUdpSocket.m */ = {isa = PBXFileReference; fileEncoding = 4; lastKnownFileType = sourcecode.c.objc; path = GCDAsyncUdpSocket.m; sourceTree = "<group>"; };
		FCAF7A7E16E75D34006EDA2D /* GCDAsyncUdpSocket.h */ = {isa = PBXFileReference; fileEncoding = 4; lastKnownFileType = sourcecode.c.h; path = GCDAsyncUdpSocket.h; sourceTree = "<group>"; };
		FCAF7A8916E767E6006EDA2D /* AmtiumPacket.h */ = {isa = PBXFileReference; fileEncoding = 4; lastKnownFileType = sourcecode.c.h; path = AmtiumPacket.h; sourceTree = "<group>"; };
		FCAF7A8A16E767E6006EDA2D /* AmtiumPacket.m */ = {isa = PBXFileReference; fileEncoding = 4; lastKnownFileType = sourcecode.c.objc; path = AmtiumPacket.m; sourceTree = "<group>"; };
		FCAF7A8C16E77128006EDA2D /* AmtiumConstants.h */ = {isa = PBXFileReference; fileEncoding = 4; lastKnownFileType = sourcecode.c.h; path = AmtiumConstants.h; sourceTree = "<group>"; };
		FCAF7A8D16E77128006EDA2D /* AmtiumConstants.m */ = {isa = PBXFileReference; fileEncoding = 4; lastKnownFileType = sourcecode.c.objc; path = AmtiumConstants.m; sourceTree = "<group>"; };
		FCBD31F016E4E1FF002B1ED1 /* MainWindow.h */ = {isa = PBXFileReference; fileEncoding = 4; lastKnownFileType = sourcecode.c.h; path = MainWindow.h; sourceTree = "<group>"; };
		FCBD31F116E4E1FF002B1ED1 /* MainWindow.m */ = {isa = PBXFileReference; fileEncoding = 4; lastKnownFileType = sourcecode.c.objc; path = MainWindow.m; sourceTree = "<group>"; };
		FCBD31F516E4E224002B1ED1 /* PreferencesWindow.h */ = {isa = PBXFileReference; fileEncoding = 4; lastKnownFileType = sourcecode.c.h; path = PreferencesWindow.h; sourceTree = "<group>"; };
		FCBD31F616E4E224002B1ED1 /* PreferencesWindow.m */ = {isa = PBXFileReference; fileEncoding = 4; lastKnownFileType = sourcecode.c.objc; path = PreferencesWindow.m; sourceTree = "<group>"; };
		FCBD320716E5BAD4002B1ED1 /* Amtium.h */ = {isa = PBXFileReference; fileEncoding = 4; lastKnownFileType = sourcecode.c.h; path = Amtium.h; sourceTree = "<group>"; };
		FCBD320816E5BAD4002B1ED1 /* Amtium.m */ = {isa = PBXFileReference; fileEncoding = 4; lastKnownFileType = sourcecode.c.objc; path = Amtium.m; sourceTree = "<group>"; };
		FCBD321916E6115E002B1ED1 /* NetworkInterface.h */ = {isa = PBXFileReference; fileEncoding = 4; lastKnownFileType = sourcecode.c.h; path = NetworkInterface.h; sourceTree = "<group>"; };
		FCBD321A16E6115E002B1ED1 /* NetworkInterface.m */ = {isa = PBXFileReference; fileEncoding = 4; lastKnownFileType = sourcecode.c.objc; path = NetworkInterface.m; sourceTree = "<group>"; };
		FCBD321F16E61B52002B1ED1 /* en */ = {isa = PBXFileReference; lastKnownFileType = file.xib; name = en; path = en.lproj/MainMenu.xib; sourceTree = "<group>"; };
		FCBD322016E6209D002B1ED1 /* SystemConfiguration.framework */ = {isa = PBXFileReference; lastKnownFileType = wrapper.framework; name = SystemConfiguration.framework; path = System/Library/Frameworks/SystemConfiguration.framework; sourceTree = SDKROOT; };
		FCC3BB8016F0630B001ECB2E /* Security.framework */ = {isa = PBXFileReference; lastKnownFileType = wrapper.framework; name = Security.framework; path = System/Library/Frameworks/Security.framework; sourceTree = SDKROOT; };
		FCC3BB8416F064B5001ECB2E /* SSKeychain.h */ = {isa = PBXFileReference; fileEncoding = 4; lastKnownFileType = sourcecode.c.h; path = SSKeychain.h; sourceTree = "<group>"; };
		FCC3BB8516F064B5001ECB2E /* SSKeychain.m */ = {isa = PBXFileReference; fileEncoding = 4; lastKnownFileType = sourcecode.c.objc; path = SSKeychain.m; sourceTree = "<group>"; };
		FCC3BB8716F083D9001ECB2E /* zh-Hans */ = {isa = PBXFileReference; lastKnownFileType = file.xib; name = "zh-Hans"; path = "zh-Hans.lproj/PreferencesWindow.xib"; sourceTree = "<group>"; };
		FCCA8F6016F08EBD00BE16FA /* StatisticsAndUpdate.h */ = {isa = PBXFileReference; fileEncoding = 4; lastKnownFileType = sourcecode.c.h; path = StatisticsAndUpdate.h; sourceTree = "<group>"; };
		FCCA8F6116F08EBD00BE16FA /* StatisticsAndUpdate.m */ = {isa = PBXFileReference; fileEncoding = 4; lastKnownFileType = sourcecode.c.objc; path = StatisticsAndUpdate.m; sourceTree = "<group>"; };
		FCCA8F6416F098A000BE16FA /* UpdateWindow.h */ = {isa = PBXFileReference; fileEncoding = 4; lastKnownFileType = sourcecode.c.h; path = UpdateWindow.h; sourceTree = "<group>"; };
		FCCA8F6516F098A000BE16FA /* UpdateWindow.m */ = {isa = PBXFileReference; fileEncoding = 4; lastKnownFileType = sourcecode.c.objc; path = UpdateWindow.m; sourceTree = "<group>"; };
		FCCA8F6A16F09D8400BE16FA /* en */ = {isa = PBXFileReference; lastKnownFileType = file.xib; name = en; path = en.lproj/UpdateWindow.xib; sourceTree = "<group>"; };
		FCCA8F6C16F09D8600BE16FA /* zh-Hans */ = {isa = PBXFileReference; lastKnownFileType = file.xib; name = "zh-Hans"; path = "zh-Hans.lproj/UpdateWindow.xib"; sourceTree = "<group>"; };
		FCCA9C7216E77F350069C9E1 /* AmtiumEncoder.h */ = {isa = PBXFileReference; fileEncoding = 4; lastKnownFileType = sourcecode.c.h; path = AmtiumEncoder.h; sourceTree = "<group>"; };
		FCCA9C7316E77F350069C9E1 /* AmtiumEncoder.m */ = {isa = PBXFileReference; fileEncoding = 4; lastKnownFileType = sourcecode.c.objc; path = AmtiumEncoder.m; sourceTree = "<group>"; };
		FCCA9C7616E790370069C9E1 /* AmtiumCrypto.h */ = {isa = PBXFileReference; fileEncoding = 4; lastKnownFileType = sourcecode.c.h; path = AmtiumCrypto.h; sourceTree = "<group>"; };
		FCCA9C7716E790370069C9E1 /* AmtiumCrypto.m */ = {isa = PBXFileReference; fileEncoding = 4; lastKnownFileType = sourcecode.c.objc; path = AmtiumCrypto.m; sourceTree = "<group>"; };
		FCCA9C7E16E9A0B60069C9E1 /* SpinningWindow.h */ = {isa = PBXFileReference; fileEncoding = 4; lastKnownFileType = sourcecode.c.h; path = SpinningWindow.h; sourceTree = "<group>"; };
		FCCA9C7F16E9A0B60069C9E1 /* SpinningWindow.m */ = {isa = PBXFileReference; fileEncoding = 4; lastKnownFileType = sourcecode.c.objc; path = SpinningWindow.m; sourceTree = "<group>"; };
		FCCA9C8416EA4D020069C9E1 /* APMutableParams.h */ = {isa = PBXFileReference; fileEncoding = 4; lastKnownFileType = sourcecode.c.h; path = APMutableParams.h; sourceTree = "<group>"; };
		FCCA9C8516EA4D020069C9E1 /* APMutableParams.m */ = {isa = PBXFileReference; fileEncoding = 4; lastKnownFileType = sourcecode.c.objc; path = APMutableParams.m; sourceTree = "<group>"; };
		FCCA9C8716EC1E490069C9E1 /* Swiftz.png */ = {isa = PBXFileReference; lastKnownFileType = image.png; path = Swiftz.png; sourceTree = "<group>"; };
/* End PBXFileReference section */

/* Begin PBXFrameworksBuildPhase section */
		FC1DE53C16DCD03D008CE989 /* Frameworks */ = {
			isa = PBXFrameworksBuildPhase;
			buildActionMask = 2147483647;
			files = (
				FCC3BB8116F0630B001ECB2E /* Security.framework in Frameworks */,
				FCBD322116E6209E002B1ED1 /* SystemConfiguration.framework in Frameworks */,
				FC1DE54416DCD03D008CE989 /* Cocoa.framework in Frameworks */,
			);
			runOnlyForDeploymentPostprocessing = 0;
		};
/* End PBXFrameworksBuildPhase section */

/* Begin PBXGroup section */
		FC1DE53416DCD03D008CE989 = {
			isa = PBXGroup;
			children = (
				FCC3BB8316F064B5001ECB2E /* SSKeychain */,
				FCAF7A7C16E75D19006EDA2D /* CocoaAsyncSocket */,
				FC1DE54916DCD03D008CE989 /* SwiftzMac */,
				FC1DE54216DCD03D008CE989 /* Frameworks */,
				FC1DE54016DCD03D008CE989 /* Products */,
			);
			sourceTree = "<group>";
		};
		FC1DE54016DCD03D008CE989 /* Products */ = {
			isa = PBXGroup;
			children = (
				FC1DE53F16DCD03D008CE989 /* SwiftzMac.app */,
			);
			name = Products;
			sourceTree = "<group>";
		};
		FC1DE54216DCD03D008CE989 /* Frameworks */ = {
			isa = PBXGroup;
			children = (
				FCC3BB8016F0630B001ECB2E /* Security.framework */,
				FCBD322016E6209D002B1ED1 /* SystemConfiguration.framework */,
				FC1DE54316DCD03D008CE989 /* Cocoa.framework */,
				FC1DE54516DCD03D008CE989 /* Other Frameworks */,
			);
			name = Frameworks;
			sourceTree = "<group>";
		};
		FC1DE54516DCD03D008CE989 /* Other Frameworks */ = {
			isa = PBXGroup;
			children = (
				FC1DE54616DCD03D008CE989 /* AppKit.framework */,
				FC1DE54716DCD03D008CE989 /* CoreData.framework */,
				FC1DE54816DCD03D008CE989 /* Foundation.framework */,
			);
			name = "Other Frameworks";
			sourceTree = "<group>";
		};
		FC1DE54916DCD03D008CE989 /* SwiftzMac */ = {
			isa = PBXGroup;
			children = (
				FC1DE54A16DCD03D008CE989 /* Supporting Files */,
				FC1DE55516DCD03D008CE989 /* AppDelegate.h */,
				FC1DE55616DCD03D008CE989 /* AppDelegate.m */,
				FCBD321916E6115E002B1ED1 /* NetworkInterface.h */,
				FCBD321A16E6115E002B1ED1 /* NetworkInterface.m */,
				FCCA8F6016F08EBD00BE16FA /* StatisticsAndUpdate.h */,
				FCCA8F6116F08EBD00BE16FA /* StatisticsAndUpdate.m */,
				FCCA9C8316E9A0D70069C9E1 /* Controllers */,
				FCAF7A8016E75D8F006EDA2D /* Resources */,
				FCBD321816E601AD002B1ED1 /* Amtium */,
			);
			path = SwiftzMac;
			sourceTree = "<group>";
		};
		FC1DE54A16DCD03D008CE989 /* Supporting Files */ = {
			isa = PBXGroup;
			children = (
				FC1DE54B16DCD03D008CE989 /* SwiftzMac-Info.plist */,
				FC1DE54C16DCD03D008CE989 /* InfoPlist.strings */,
				FC1DE54F16DCD03D008CE989 /* main.m */,
				FC1DE55116DCD03D008CE989 /* SwiftzMac-Prefix.pch */,
				FC1DE55216DCD03D008CE989 /* Credits.rtf */,
			);
			name = "Supporting Files";
			sourceTree = "<group>";
		};
		FCAF7A7C16E75D19006EDA2D /* CocoaAsyncSocket */ = {
			isa = PBXGroup;
			children = (
				FCAF7A7E16E75D34006EDA2D /* GCDAsyncUdpSocket.h */,
				FCAF7A7D16E75D34006EDA2D /* GCDAsyncUdpSocket.m */,
			);
			name = CocoaAsyncSocket;
			path = SwiftzMac;
			sourceTree = "<group>";
		};
		FCAF7A8016E75D8F006EDA2D /* Resources */ = {
			isa = PBXGroup;
			children = (
				FC041FBE16EDD6D4001AE293 /* statusOffline.png */,
				FC041FBC16EDA4F2001AE293 /* statusAlternate.png */,
				FC041FBA16EDA3C7001AE293 /* status.png */,
				FCCA9C8716EC1E490069C9E1 /* Swiftz.png */,
				FC1DE55816DCD03D008CE989 /* MainMenu.xib */,
				FCCA8F6B16F09D8400BE16FA /* UpdateWindow.xib */,
				FC041FAF16ED6743001AE293 /* SpinningWindow.xib */,
				FCAF7A7716E75229006EDA2D /* MainWindow.xib */,
				FCAF7A7B16E75239006EDA2D /* PreferencesWindow.xib */,
				FC041FCB16EDE8FF001AE293 /* NotificationWindow.xib */,
				FC041FB516ED974C001AE293 /* Localizable.strings */,
			);
			name = Resources;
			sourceTree = "<group>";
		};
		FCBD321816E601AD002B1ED1 /* Amtium */ = {
			isa = PBXGroup;
			children = (
				FCBD320716E5BAD4002B1ED1 /* Amtium.h */,
				FCBD320816E5BAD4002B1ED1 /* Amtium.m */,
				FCAF7A8916E767E6006EDA2D /* AmtiumPacket.h */,
				FCAF7A8A16E767E6006EDA2D /* AmtiumPacket.m */,
				FCAF7A8C16E77128006EDA2D /* AmtiumConstants.h */,
				FCAF7A8D16E77128006EDA2D /* AmtiumConstants.m */,
				FCCA9C7216E77F350069C9E1 /* AmtiumEncoder.h */,
				FCCA9C7316E77F350069C9E1 /* AmtiumEncoder.m */,
				FCCA9C7616E790370069C9E1 /* AmtiumCrypto.h */,
				FCCA9C7716E790370069C9E1 /* AmtiumCrypto.m */,
				FCCA9C8416EA4D020069C9E1 /* APMutableParams.h */,
				FCCA9C8516EA4D020069C9E1 /* APMutableParams.m */,
			);
			name = Amtium;
			sourceTree = "<group>";
		};
		FCC3BB8316F064B5001ECB2E /* SSKeychain */ = {
			isa = PBXGroup;
			children = (
				FCC3BB8416F064B5001ECB2E /* SSKeychain.h */,
				FCC3BB8516F064B5001ECB2E /* SSKeychain.m */,
			);
			name = SSKeychain;
			path = "../../Downloads/sskeychain-master/SSKeychain";
			sourceTree = "<group>";
		};
		FCCA9C8316E9A0D70069C9E1 /* Controllers */ = {
			isa = PBXGroup;
			children = (
				FCCA8F6416F098A000BE16FA /* UpdateWindow.h */,
				FCCA8F6516F098A000BE16FA /* UpdateWindow.m */,
				FCBD31F016E4E1FF002B1ED1 /* MainWindow.h */,
				FCBD31F116E4E1FF002B1ED1 /* MainWindow.m */,
				FCBD31F516E4E224002B1ED1 /* PreferencesWindow.h */,
				FCBD31F616E4E224002B1ED1 /* PreferencesWindow.m */,
				FCCA9C7E16E9A0B60069C9E1 /* SpinningWindow.h */,
				FCCA9C7F16E9A0B60069C9E1 /* SpinningWindow.m */,
				FC041FC916EDE8FE001AE293 /* NotificationWindow.h */,
				FC041FCA16EDE8FE001AE293 /* NotificationWindow.m */,
			);
			name = Controllers;
			sourceTree = "<group>";
		};
/* End PBXGroup section */

/* Begin PBXNativeTarget section */
		FC1DE53E16DCD03D008CE989 /* SwiftzMac */ = {
			isa = PBXNativeTarget;
			buildConfigurationList = FC1DE55D16DCD03D008CE989 /* Build configuration list for PBXNativeTarget "SwiftzMac" */;
			buildPhases = (
				FC1DE53B16DCD03D008CE989 /* Sources */,
				FC1DE53C16DCD03D008CE989 /* Frameworks */,
				FC1DE53D16DCD03D008CE989 /* Resources */,
			);
			buildRules = (
			);
			dependencies = (
			);
			name = SwiftzMac;
			productName = SwiftzMac;
			productReference = FC1DE53F16DCD03D008CE989 /* SwiftzMac.app */;
			productType = "com.apple.product-type.application";
		};
/* End PBXNativeTarget section */

/* Begin PBXProject section */
		FC1DE53616DCD03D008CE989 /* Project object */ = {
			isa = PBXProject;
			attributes = {
				LastUpgradeCheck = 0450;
				ORGANIZATIONNAME = XiNGRZ;
			};
			buildConfigurationList = FC1DE53916DCD03D008CE989 /* Build configuration list for PBXProject "SwiftzMac" */;
			compatibilityVersion = "Xcode 3.2";
			developmentRegion = English;
			hasScannedForEncodings = 0;
			knownRegions = (
				en,
				Base,
				"zh-Hans",
			);
			mainGroup = FC1DE53416DCD03D008CE989;
			productRefGroup = FC1DE54016DCD03D008CE989 /* Products */;
			projectDirPath = "";
			projectRoot = "";
			targets = (
				FC1DE53E16DCD03D008CE989 /* SwiftzMac */,
			);
		};
/* End PBXProject section */

/* Begin PBXResourcesBuildPhase section */
		FC1DE53D16DCD03D008CE989 /* Resources */ = {
			isa = PBXResourcesBuildPhase;
			buildActionMask = 2147483647;
			files = (
				FC1DE54E16DCD03D008CE989 /* InfoPlist.strings in Resources */,
				FC1DE55416DCD03D008CE989 /* Credits.rtf in Resources */,
				FC1DE55A16DCD03D008CE989 /* MainMenu.xib in Resources */,
				FCAF7A7516E75229006EDA2D /* MainWindow.xib in Resources */,
				FCAF7A7916E75239006EDA2D /* PreferencesWindow.xib in Resources */,
				FC041FAD16ED6743001AE293 /* SpinningWindow.xib in Resources */,
				FCCA9C8816EC1E490069C9E1 /* Swiftz.png in Resources */,
				FC041FB316ED974C001AE293 /* Localizable.strings in Resources */,
				FC041FBB16EDA3C7001AE293 /* status.png in Resources */,
				FC041FBD16EDA4F2001AE293 /* statusAlternate.png in Resources */,
				FC041FBF16EDD6D5001AE293 /* statusOffline.png in Resources */,
				FC041FCD16EDE8FF001AE293 /* NotificationWindow.xib in Resources */,
				FCCA8F6916F09D8400BE16FA /* UpdateWindow.xib in Resources */,
			);
			runOnlyForDeploymentPostprocessing = 0;
		};
/* End PBXResourcesBuildPhase section */

/* Begin PBXSourcesBuildPhase section */
		FC1DE53B16DCD03D008CE989 /* Sources */ = {
			isa = PBXSourcesBuildPhase;
			buildActionMask = 2147483647;
			files = (
				FC1DE55016DCD03D008CE989 /* main.m in Sources */,
				FC1DE55716DCD03D008CE989 /* AppDelegate.m in Sources */,
				FCBD31F316E4E200002B1ED1 /* MainWindow.m in Sources */,
				FCBD31F816E4E224002B1ED1 /* PreferencesWindow.m in Sources */,
				FCBD320916E5BAD4002B1ED1 /* Amtium.m in Sources */,
				FCBD321B16E6115E002B1ED1 /* NetworkInterface.m in Sources */,
				FCAF7A7F16E75D34006EDA2D /* GCDAsyncUdpSocket.m in Sources */,
				FCAF7A8B16E767E6006EDA2D /* AmtiumPacket.m in Sources */,
				FCAF7A8E16E77128006EDA2D /* AmtiumConstants.m in Sources */,
				FCCA9C7416E77F350069C9E1 /* AmtiumEncoder.m in Sources */,
				FCCA9C7816E790370069C9E1 /* AmtiumCrypto.m in Sources */,
				FCCA9C8116E9A0B70069C9E1 /* SpinningWindow.m in Sources */,
				FCCA9C8616EA4D030069C9E1 /* APMutableParams.m in Sources */,
				FC041FCC16EDE8FF001AE293 /* NotificationWindow.m in Sources */,
				FCC3BB8616F064B5001ECB2E /* SSKeychain.m in Sources */,
				FCCA8F6216F08EBD00BE16FA /* StatisticsAndUpdate.m in Sources */,
				FCCA8F6716F098A100BE16FA /* UpdateWindow.m in Sources */,
			);
			runOnlyForDeploymentPostprocessing = 0;
		};
/* End PBXSourcesBuildPhase section */

/* Begin PBXVariantGroup section */
		FC041FAF16ED6743001AE293 /* SpinningWindow.xib */ = {
			isa = PBXVariantGroup;
			children = (
				FC041FAE16ED6743001AE293 /* en */,
				FC041FB916ED9FDD001AE293 /* zh-Hans */,
			);
			name = SpinningWindow.xib;
			sourceTree = "<group>";
		};
		FC041FB516ED974C001AE293 /* Localizable.strings */ = {
			isa = PBXVariantGroup;
			children = (
				FC041FB416ED974C001AE293 /* en */,
				FC041FB716ED9E7A001AE293 /* zh-Hans */,
			);
			name = Localizable.strings;
			sourceTree = "<group>";
		};
		FC1DE54C16DCD03D008CE989 /* InfoPlist.strings */ = {
			isa = PBXVariantGroup;
			children = (
				FC1DE54D16DCD03D008CE989 /* en */,
			);
			name = InfoPlist.strings;
			sourceTree = "<group>";
		};
		FC1DE55216DCD03D008CE989 /* Credits.rtf */ = {
			isa = PBXVariantGroup;
			children = (
				FC1DE55316DCD03D008CE989 /* en */,
			);
			name = Credits.rtf;
			sourceTree = "<group>";
		};
		FC1DE55816DCD03D008CE989 /* MainMenu.xib */ = {
			isa = PBXVariantGroup;
			children = (
				FCBD321F16E61B52002B1ED1 /* en */,
				FC041FB816ED9F21001AE293 /* zh-Hans */,
			);
			name = MainMenu.xib;
			sourceTree = "<group>";
		};
		FCAF7A7716E75229006EDA2D /* MainWindow.xib */ = {
			isa = PBXVariantGroup;
			children = (
				FCAF7A7616E75229006EDA2D /* en */,
				FC041FB616ED9E7A001AE293 /* zh-Hans */,
			);
			name = MainWindow.xib;
			sourceTree = "<group>";
		};
		FCAF7A7B16E75239006EDA2D /* PreferencesWindow.xib */ = {
			isa = PBXVariantGroup;
			children = (
				FCAF7A7A16E75239006EDA2D /* en */,
				FCC3BB8716F083D9001ECB2E /* zh-Hans */,
			);
			name = PreferencesWindow.xib;
			sourceTree = "<group>";
		};
		FCCA8F6B16F09D8400BE16FA /* UpdateWindow.xib */ = {
			isa = PBXVariantGroup;
			children = (
				FCCA8F6A16F09D8400BE16FA /* en */,
				FCCA8F6C16F09D8600BE16FA /* zh-Hans */,
			);
			name = UpdateWindow.xib;
			sourceTree = "<group>";
		};
/* End PBXVariantGroup section */

/* Begin XCBuildConfiguration section */
		FC1DE55B16DCD03D008CE989 /* Debug */ = {
			isa = XCBuildConfiguration;
			buildSettings = {
				ALWAYS_SEARCH_USER_PATHS = NO;
				ARCHS = "$(ARCHS_STANDARD_64_BIT)";
				CLANG_CXX_LANGUAGE_STANDARD = "gnu++0x";
				CLANG_CXX_LIBRARY = "libc++";
				CLANG_ENABLE_OBJC_ARC = YES;
				CLANG_WARN_EMPTY_BODY = YES;
				CLANG_WARN__DUPLICATE_METHOD_MATCH = YES;
				COPY_PHASE_STRIP = NO;
				GCC_C_LANGUAGE_STANDARD = gnu99;
				GCC_DYNAMIC_NO_PIC = NO;
				GCC_ENABLE_OBJC_EXCEPTIONS = YES;
				GCC_OPTIMIZATION_LEVEL = 0;
				GCC_PREPROCESSOR_DEFINITIONS = (
					"DEBUG=1",
					"$(inherited)",
				);
				GCC_SYMBOLS_PRIVATE_EXTERN = NO;
				GCC_WARN_64_TO_32_BIT_CONVERSION = YES;
				GCC_WARN_ABOUT_RETURN_TYPE = YES;
				GCC_WARN_UNINITIALIZED_AUTOS = YES;
				GCC_WARN_UNUSED_VARIABLE = YES;
				MACOSX_DEPLOYMENT_TARGET = 10.8;
				ONLY_ACTIVE_ARCH = YES;
				SDKROOT = macosx;
			};
			name = Debug;
		};
		FC1DE55C16DCD03D008CE989 /* Release */ = {
			isa = XCBuildConfiguration;
			buildSettings = {
				ALWAYS_SEARCH_USER_PATHS = NO;
				ARCHS = "$(ARCHS_STANDARD_64_BIT)";
				CLANG_CXX_LANGUAGE_STANDARD = "gnu++0x";
				CLANG_CXX_LIBRARY = "libc++";
				CLANG_ENABLE_OBJC_ARC = YES;
				CLANG_WARN_EMPTY_BODY = YES;
				CLANG_WARN__DUPLICATE_METHOD_MATCH = YES;
				COPY_PHASE_STRIP = YES;
				DEBUG_INFORMATION_FORMAT = "dwarf-with-dsym";
				GCC_C_LANGUAGE_STANDARD = gnu99;
				GCC_ENABLE_OBJC_EXCEPTIONS = YES;
				GCC_WARN_64_TO_32_BIT_CONVERSION = YES;
				GCC_WARN_ABOUT_RETURN_TYPE = YES;
				GCC_WARN_UNINITIALIZED_AUTOS = YES;
				GCC_WARN_UNUSED_VARIABLE = YES;
				MACOSX_DEPLOYMENT_TARGET = 10.8;
				SDKROOT = macosx;
			};
			name = Release;
		};
		FC1DE55E16DCD03D008CE989 /* Debug */ = {
			isa = XCBuildConfiguration;
			buildSettings = {
				CODE_SIGN_IDENTITY = "";
				COMBINE_HIDPI_IMAGES = YES;
				GCC_PRECOMPILE_PREFIX_HEADER = YES;
				GCC_PREFIX_HEADER = "SwiftzMac/SwiftzMac-Prefix.pch";
				INFOPLIST_FILE = "SwiftzMac/SwiftzMac-Info.plist";
				PRODUCT_NAME = "$(TARGET_NAME)";
				WRAPPER_EXTENSION = app;
			};
			name = Debug;
		};
		FC1DE55F16DCD03D008CE989 /* Release */ = {
			isa = XCBuildConfiguration;
			buildSettings = {
				CODE_SIGN_IDENTITY = "";
				COMBINE_HIDPI_IMAGES = YES;
				GCC_PRECOMPILE_PREFIX_HEADER = YES;
				GCC_PREFIX_HEADER = "SwiftzMac/SwiftzMac-Prefix.pch";
				INFOPLIST_FILE = "SwiftzMac/SwiftzMac-Info.plist";
				PRODUCT_NAME = "$(TARGET_NAME)";
				WRAPPER_EXTENSION = app;
			};
			name = Release;
		};
/* End XCBuildConfiguration section */

/* Begin XCConfigurationList section */
		FC1DE53916DCD03D008CE989 /* Build configuration list for PBXProject "SwiftzMac" */ = {
			isa = XCConfigurationList;
			buildConfigurations = (
				FC1DE55B16DCD03D008CE989 /* Debug */,
				FC1DE55C16DCD03D008CE989 /* Release */,
			);
			defaultConfigurationIsVisible = 0;
			defaultConfigurationName = Release;
		};
		FC1DE55D16DCD03D008CE989 /* Build configuration list for PBXNativeTarget "SwiftzMac" */ = {
			isa = XCConfigurationList;
			buildConfigurations = (
				FC1DE55E16DCD03D008CE989 /* Debug */,
				FC1DE55F16DCD03D008CE989 /* Release */,
			);
			defaultConfigurationIsVisible = 0;
			defaultConfigurationName = Release;
		};
/* End XCConfigurationList section */
	};
	rootObject = FC1DE53616DCD03D008CE989 /* Project object */;
}
